// !$*UTF8*$!
{
	archiveVersion = 1;
	classes = {
	};
	objectVersion = 50;
	objects = {

/* Begin PBXBuildFile section */
		B347C4C825FB086500ACB775 /* AppDelegate.swift in Sources */ = {isa = PBXBuildFile; fileRef = B347C4C725FB086500ACB775 /* AppDelegate.swift */; };
		B347C4CA25FB086500ACB775 /* SceneDelegate.swift in Sources */ = {isa = PBXBuildFile; fileRef = B347C4C925FB086500ACB775 /* SceneDelegate.swift */; };
		B347C4CC25FB086500ACB775 /* ViewController.swift in Sources */ = {isa = PBXBuildFile; fileRef = B347C4CB25FB086500ACB775 /* ViewController.swift */; };
		B347C4CF25FB086500ACB775 /* Main.storyboard in Resources */ = {isa = PBXBuildFile; fileRef = B347C4CD25FB086500ACB775 /* Main.storyboard */; };
		B347C4D125FB086500ACB775 /* Assets.xcassets in Resources */ = {isa = PBXBuildFile; fileRef = B347C4D025FB086500ACB775 /* Assets.xcassets */; };
		B347C4D425FB086500ACB775 /* LaunchScreen.storyboard in Resources */ = {isa = PBXBuildFile; fileRef = B347C4D225FB086500ACB775 /* LaunchScreen.storyboard */; };
		B347C4DF25FB086500ACB775 /* ParstagramTests.swift in Sources */ = {isa = PBXBuildFile; fileRef = B347C4DE25FB086500ACB775 /* ParstagramTests.swift */; };
		B347C4EA25FB086500ACB775 /* ParstagramUITests.swift in Sources */ = {isa = PBXBuildFile; fileRef = B347C4E925FB086500ACB775 /* ParstagramUITests.swift */; };
/* End PBXBuildFile section */

/* Begin PBXContainerItemProxy section */
		B347C4DB25FB086500ACB775 /* PBXContainerItemProxy */ = {
			isa = PBXContainerItemProxy;
			containerPortal = B347C4BC25FB086500ACB775 /* Project object */;
			proxyType = 1;
			remoteGlobalIDString = B347C4C325FB086500ACB775;
			remoteInfo = Parstagram;
		};
		B347C4E625FB086500ACB775 /* PBXContainerItemProxy */ = {
			isa = PBXContainerItemProxy;
			containerPortal = B347C4BC25FB086500ACB775 /* Project object */;
			proxyType = 1;
			remoteGlobalIDString = B347C4C325FB086500ACB775;
			remoteInfo = Parstagram;
		};
/* End PBXContainerItemProxy section */

/* Begin PBXFileReference section */
		B347C4C425FB086500ACB775 /* Parstagram.app */ = {isa = PBXFileReference; explicitFileType = wrapper.application; includeInIndex = 0; path = Parstagram.app; sourceTree = BUILT_PRODUCTS_DIR; };
		B347C4C725FB086500ACB775 /* AppDelegate.swift */ = {isa = PBXFileReference; lastKnownFileType = sourcecode.swift; path = AppDelegate.swift; sourceTree = "<group>"; };
		B347C4C925FB086500ACB775 /* SceneDelegate.swift */ = {isa = PBXFileReference; lastKnownFileType = sourcecode.swift; path = SceneDelegate.swift; sourceTree = "<group>"; };
		B347C4CB25FB086500ACB775 /* ViewController.swift */ = {isa = PBXFileReference; lastKnownFileType = sourcecode.swift; path = ViewController.swift; sourceTree = "<group>"; };
		B347C4CE25FB086500ACB775 /* Base */ = {isa = PBXFileReference; lastKnownFileType = file.storyboard; name = Base; path = Base.lproj/Main.storyboard; sourceTree = "<group>"; };
		B347C4D025FB086500ACB775 /* Assets.xcassets */ = {isa = PBXFileReference; lastKnownFileType = folder.assetcatalog; path = Assets.xcassets; sourceTree = "<group>"; };
		B347C4D325FB086500ACB775 /* Base */ = {isa = PBXFileReference; lastKnownFileType = file.storyboard; name = Base; path = Base.lproj/LaunchScreen.storyboard; sourceTree = "<group>"; };
		B347C4D525FB086500ACB775 /* Info.plist */ = {isa = PBXFileReference; lastKnownFileType = text.plist.xml; path = Info.plist; sourceTree = "<group>"; };
		B347C4DA25FB086500ACB775 /* ParstagramTests.xctest */ = {isa = PBXFileReference; explicitFileType = wrapper.cfbundle; includeInIndex = 0; path = ParstagramTests.xctest; sourceTree = BUILT_PRODUCTS_DIR; };
		B347C4DE25FB086500ACB775 /* ParstagramTests.swift */ = {isa = PBXFileReference; lastKnownFileType = sourcecode.swift; path = ParstagramTests.swift; sourceTree = "<group>"; };
		B347C4E025FB086500ACB775 /* Info.plist */ = {isa = PBXFileReference; lastKnownFileType = text.plist.xml; path = Info.plist; sourceTree = "<group>"; };
		B347C4E525FB086500ACB775 /* ParstagramUITests.xctest */ = {isa = PBXFileReference; explicitFileType = wrapper.cfbundle; includeInIndex = 0; path = ParstagramUITests.xctest; sourceTree = BUILT_PRODUCTS_DIR; };
		B347C4E925FB086500ACB775 /* ParstagramUITests.swift */ = {isa = PBXFileReference; lastKnownFileType = sourcecode.swift; path = ParstagramUITests.swift; sourceTree = "<group>"; };
		B347C4EB25FB086500ACB775 /* Info.plist */ = {isa = PBXFileReference; lastKnownFileType = text.plist.xml; path = Info.plist; sourceTree = "<group>"; };
/* End PBXFileReference section */

/* Begin PBXFrameworksBuildPhase section */
		B347C4C125FB086500ACB775 /* Frameworks */ = {
			isa = PBXFrameworksBuildPhase;
			buildActionMask = 2147483647;
			files = (
			);
			runOnlyForDeploymentPostprocessing = 0;
		};
		B347C4D725FB086500ACB775 /* Frameworks */ = {
			isa = PBXFrameworksBuildPhase;
			buildActionMask = 2147483647;
			files = (
			);
			runOnlyForDeploymentPostprocessing = 0;
		};
		B347C4E225FB086500ACB775 /* Frameworks */ = {
			isa = PBXFrameworksBuildPhase;
			buildActionMask = 2147483647;
			files = (
			);
			runOnlyForDeploymentPostprocessing = 0;
		};
/* End PBXFrameworksBuildPhase section */

/* Begin PBXGroup section */
		B347C4BB25FB086500ACB775 = {
			isa = PBXGroup;
			children = (
				B347C4C625FB086500ACB775 /* Parstagram */,
				B347C4DD25FB086500ACB775 /* ParstagramTests */,
				B347C4E825FB086500ACB775 /* ParstagramUITests */,
				B347C4C525FB086500ACB775 /* Products */,
			);
			sourceTree = "<group>";
		};
		B347C4C525FB086500ACB775 /* Products */ = {
			isa = PBXGroup;
			children = (
				B347C4C425FB086500ACB775 /* Parstagram.app */,
				B347C4DA25FB086500ACB775 /* ParstagramTests.xctest */,
				B347C4E525FB086500ACB775 /* ParstagramUITests.xctest */,
			);
			name = Products;
			sourceTree = "<group>";
		};
		B347C4C625FB086500ACB775 /* Parstagram */ = {
			isa = PBXGroup;
			children = (
				B347C4C725FB086500ACB775 /* AppDelegate.swift */,
				B347C4C925FB086500ACB775 /* SceneDelegate.swift */,
				B347C4CB25FB086500ACB775 /* ViewController.swift */,
				B347C4CD25FB086500ACB775 /* Main.storyboard */,
				B347C4D025FB086500ACB775 /* Assets.xcassets */,
				B347C4D225FB086500ACB775 /* LaunchScreen.storyboard */,
				B347C4D525FB086500ACB775 /* Info.plist */,
			);
			path = Parstagram;
			sourceTree = "<group>";
		};
		B347C4DD25FB086500ACB775 /* ParstagramTests */ = {
			isa = PBXGroup;
			children = (
				B347C4DE25FB086500ACB775 /* ParstagramTests.swift */,
				B347C4E025FB086500ACB775 /* Info.plist */,
			);
			path = ParstagramTests;
			sourceTree = "<group>";
		};
		B347C4E825FB086500ACB775 /* ParstagramUITests */ = {
			isa = PBXGroup;
			children = (
				B347C4E925FB086500ACB775 /* ParstagramUITests.swift */,
				B347C4EB25FB086500ACB775 /* Info.plist */,
			);
			path = ParstagramUITests;
			sourceTree = "<group>";
		};
/* End PBXGroup section */

/* Begin PBXNativeTarget section */
		B347C4C325FB086500ACB775 /* Parstagram */ = {
			isa = PBXNativeTarget;
			buildConfigurationList = B347C4EE25FB086500ACB775 /* Build configuration list for PBXNativeTarget "Parstagram" */;
			buildPhases = (
				B347C4C025FB086500ACB775 /* Sources */,
				B347C4C125FB086500ACB775 /* Frameworks */,
				B347C4C225FB086500ACB775 /* Resources */,
			);
			buildRules = (
			);
			dependencies = (
			);
			name = Parstagram;
			productName = Parstagram;
			productReference = B347C4C425FB086500ACB775 /* Parstagram.app */;
			productType = "com.apple.product-type.application";
		};
		B347C4D925FB086500ACB775 /* ParstagramTests */ = {
			isa = PBXNativeTarget;
			buildConfigurationList = B347C4F125FB086500ACB775 /* Build configuration list for PBXNativeTarget "ParstagramTests" */;
			buildPhases = (
				B347C4D625FB086500ACB775 /* Sources */,
				B347C4D725FB086500ACB775 /* Frameworks */,
				B347C4D825FB086500ACB775 /* Resources */,
			);
			buildRules = (
			);
			dependencies = (
				B347C4DC25FB086500ACB775 /* PBXTargetDependency */,
			);
			name = ParstagramTests;
			productName = ParstagramTests;
			productReference = B347C4DA25FB086500ACB775 /* ParstagramTests.xctest */;
			productType = "com.apple.product-type.bundle.unit-test";
		};
		B347C4E425FB086500ACB775 /* ParstagramUITests */ = {
			isa = PBXNativeTarget;
			buildConfigurationList = B347C4F425FB086500ACB775 /* Build configuration list for PBXNativeTarget "ParstagramUITests" */;
			buildPhases = (
				B347C4E125FB086500ACB775 /* Sources */,
				B347C4E225FB086500ACB775 /* Frameworks */,
				B347C4E325FB086500ACB775 /* Resources */,
			);
			buildRules = (
			);
			dependencies = (
				B347C4E725FB086500ACB775 /* PBXTargetDependency */,
			);
			name = ParstagramUITests;
			productName = ParstagramUITests;
			productReference = B347C4E525FB086500ACB775 /* ParstagramUITests.xctest */;
			productType = "com.apple.product-type.bundle.ui-testing";
		};
/* End PBXNativeTarget section */

/* Begin PBXProject section */
		B347C4BC25FB086500ACB775 /* Project object */ = {
			isa = PBXProject;
			attributes = {
				LastSwiftUpdateCheck = 1240;
				LastUpgradeCheck = 1240;
				TargetAttributes = {
					B347C4C325FB086500ACB775 = {
						CreatedOnToolsVersion = 12.4;
					};
					B347C4D925FB086500ACB775 = {
						CreatedOnToolsVersion = 12.4;
						TestTargetID = B347C4C325FB086500ACB775;
					};
					B347C4E425FB086500ACB775 = {
						CreatedOnToolsVersion = 12.4;
						TestTargetID = B347C4C325FB086500ACB775;
					};
				};
			};
			buildConfigurationList = B347C4BF25FB086500ACB775 /* Build configuration list for PBXProject "Parstagram" */;
			compatibilityVersion = "Xcode 9.3";
			developmentRegion = en;
			hasScannedForEncodings = 0;
			knownRegions = (
				en,
				Base,
			);
			mainGroup = B347C4BB25FB086500ACB775;
			productRefGroup = B347C4C525FB086500ACB775 /* Products */;
			projectDirPath = "";
			projectRoot = "";
			targets = (
				B347C4C325FB086500ACB775 /* Parstagram */,
				B347C4D925FB086500ACB775 /* ParstagramTests */,
				B347C4E425FB086500ACB775 /* ParstagramUITests */,
			);
		};
/* End PBXProject section */

/* Begin PBXResourcesBuildPhase section */
		B347C4C225FB086500ACB775 /* Resources */ = {
			isa = PBXResourcesBuildPhase;
			buildActionMask = 2147483647;
			files = (
				B347C4D425FB086500ACB775 /* LaunchScreen.storyboard in Resources */,
				B347C4D125FB086500ACB775 /* Assets.xcassets in Resources */,
				B347C4CF25FB086500ACB775 /* Main.storyboard in Resources */,
			);
			runOnlyForDeploymentPostprocessing = 0;
		};
		B347C4D825FB086500ACB775 /* Resources */ = {
			isa = PBXResourcesBuildPhase;
			buildActionMask = 2147483647;
			files = (
			);
			runOnlyForDeploymentPostprocessing = 0;
		};
		B347C4E325FB086500ACB775 /* Resources */ = {
			isa = PBXResourcesBuildPhase;
			buildActionMask = 2147483647;
			files = (
			);
			runOnlyForDeploymentPostprocessing = 0;
		};
/* End PBXResourcesBuildPhase section */

/* Begin PBXSourcesBuildPhase section */
		B347C4C025FB086500ACB775 /* Sources */ = {
			isa = PBXSourcesBuildPhase;
			buildActionMask = 2147483647;
			files = (
				B347C4CC25FB086500ACB775 /* ViewController.swift in Sources */,
				B347C4C825FB086500ACB775 /* AppDelegate.swift in Sources */,
				B347C4CA25FB086500ACB775 /* SceneDelegate.swift in Sources */,
			);
			runOnlyForDeploymentPostprocessing = 0;
		};
		B347C4D625FB086500ACB775 /* Sources */ = {
			isa = PBXSourcesBuildPhase;
			buildActionMask = 2147483647;
			files = (
				B347C4DF25FB086500ACB775 /* ParstagramTests.swift in Sources */,
			);
			runOnlyForDeploymentPostprocessing = 0;
		};
		B347C4E125FB086500ACB775 /* Sources */ = {
			isa = PBXSourcesBuildPhase;
			buildActionMask = 2147483647;
			files = (
				B347C4EA25FB086500ACB775 /* ParstagramUITests.swift in Sources */,
			);
			runOnlyForDeploymentPostprocessing = 0;
		};
/* End PBXSourcesBuildPhase section */

/* Begin PBXTargetDependency section */
		B347C4DC25FB086500ACB775 /* PBXTargetDependency */ = {
			isa = PBXTargetDependency;
			target = B347C4C325FB086500ACB775 /* Parstagram */;
			targetProxy = B347C4DB25FB086500ACB775 /* PBXContainerItemProxy */;
		};
		B347C4E725FB086500ACB775 /* PBXTargetDependency */ = {
			isa = PBXTargetDependency;
			target = B347C4C325FB086500ACB775 /* Parstagram */;
			targetProxy = B347C4E625FB086500ACB775 /* PBXContainerItemProxy */;
		};
/* End PBXTargetDependency section */

/* Begin PBXVariantGroup section */
		B347C4CD25FB086500ACB775 /* Main.storyboard */ = {
			isa = PBXVariantGroup;
			children = (
				B347C4CE25FB086500ACB775 /* Base */,
			);
			name = Main.storyboard;
			sourceTree = "<group>";
		};
		B347C4D225FB086500ACB775 /* LaunchScreen.storyboard */ = {
			isa = PBXVariantGroup;
			children = (
				B347C4D325FB086500ACB775 /* Base */,
			);
			name = LaunchScreen.storyboard;
			sourceTree = "<group>";
		};
/* End PBXVariantGroup section */

/* Begin XCBuildConfiguration section */
		B347C4EC25FB086500ACB775 /* Debug */ = {
			isa = XCBuildConfiguration;
			buildSettings = {
				ALWAYS_SEARCH_USER_PATHS = NO;
				CLANG_ANALYZER_NONNULL = YES;
				CLANG_ANALYZER_NUMBER_OBJECT_CONVERSION = YES_AGGRESSIVE;
				CLANG_CXX_LANGUAGE_STANDARD = "gnu++14";
				CLANG_CXX_LIBRARY = "libc++";
				CLANG_ENABLE_MODULES = YES;
				CLANG_ENABLE_OBJC_ARC = YES;
				CLANG_ENABLE_OBJC_WEAK = YES;
				CLANG_WARN_BLOCK_CAPTURE_AUTORELEASING = YES;
				CLANG_WARN_BOOL_CONVERSION = YES;
				CLANG_WARN_COMMA = YES;
				CLANG_WARN_CONSTANT_CONVERSION = YES;
				CLANG_WARN_DEPRECATED_OBJC_IMPLEMENTATIONS = YES;
				CLANG_WARN_DIRECT_OBJC_ISA_USAGE = YES_ERROR;
				CLANG_WARN_DOCUMENTATION_COMMENTS = YES;
				CLANG_WARN_EMPTY_BODY = YES;
				CLANG_WARN_ENUM_CONVERSION = YES;
				CLANG_WARN_INFINITE_RECURSION = YES;
				CLANG_WARN_INT_CONVERSION = YES;
				CLANG_WARN_NON_LITERAL_NULL_CONVERSION = YES;
				CLANG_WARN_OBJC_IMPLICIT_RETAIN_SELF = YES;
				CLANG_WARN_OBJC_LITERAL_CONVERSION = YES;
				CLANG_WARN_OBJC_ROOT_CLASS = YES_ERROR;
				CLANG_WARN_QUOTED_INCLUDE_IN_FRAMEWORK_HEADER = YES;
				CLANG_WARN_RANGE_LOOP_ANALYSIS = YES;
				CLANG_WARN_STRICT_PROTOTYPES = YES;
				CLANG_WARN_SUSPICIOUS_MOVE = YES;
				CLANG_WARN_UNGUARDED_AVAILABILITY = YES_AGGRESSIVE;
				CLANG_WARN_UNREACHABLE_CODE = YES;
				CLANG_WARN__DUPLICATE_METHOD_MATCH = YES;
				COPY_PHASE_STRIP = NO;
				DEBUG_INFORMATION_FORMAT = dwarf;
				ENABLE_STRICT_OBJC_MSGSEND = YES;
				ENABLE_TESTABILITY = YES;
				GCC_C_LANGUAGE_STANDARD = gnu11;
				GCC_DYNAMIC_NO_PIC = NO;
				GCC_NO_COMMON_BLOCKS = YES;
				GCC_OPTIMIZATION_LEVEL = 0;
				GCC_PREPROCESSOR_DEFINITIONS = (
					"DEBUG=1",
					"$(inherited)",
				);
				GCC_WARN_64_TO_32_BIT_CONVERSION = YES;
				GCC_WARN_ABOUT_RETURN_TYPE = YES_ERROR;
				GCC_WARN_UNDECLARED_SELECTOR = YES;
				GCC_WARN_UNINITIALIZED_AUTOS = YES_AGGRESSIVE;
				GCC_WARN_UNUSED_FUNCTION = YES;
				GCC_WARN_UNUSED_VARIABLE = YES;
				IPHONEOS_DEPLOYMENT_TARGET = 14.4;
				MTL_ENABLE_DEBUG_INFO = INCLUDE_SOURCE;
				MTL_FAST_MATH = YES;
				ONLY_ACTIVE_ARCH = YES;
				SDKROOT = iphoneos;
				SWIFT_ACTIVE_COMPILATION_CONDITIONS = DEBUG;
				SWIFT_OPTIMIZATION_LEVEL = "-Onone";
			};
			name = Debug;
		};
		B347C4ED25FB086500ACB775 /* Release */ = {
			isa = XCBuildConfiguration;
			buildSettings = {
				ALWAYS_SEARCH_USER_PATHS = NO;
				CLANG_ANALYZER_NONNULL = YES;
				CLANG_ANALYZER_NUMBER_OBJECT_CONVERSION = YES_AGGRESSIVE;
				CLANG_CXX_LANGUAGE_STANDARD = "gnu++14";
				CLANG_CXX_LIBRARY = "libc++";
				CLANG_ENABLE_MODULES = YES;
				CLANG_ENABLE_OBJC_ARC = YES;
				CLANG_ENABLE_OBJC_WEAK = YES;
				CLANG_WARN_BLOCK_CAPTURE_AUTORELEASING = YES;
				CLANG_WARN_BOOL_CONVERSION = YES;
				CLANG_WARN_COMMA = YES;
				CLANG_WARN_CONSTANT_CONVERSION = YES;
				CLANG_WARN_DEPRECATED_OBJC_IMPLEMENTATIONS = YES;
				CLANG_WARN_DIRECT_OBJC_ISA_USAGE = YES_ERROR;
				CLANG_WARN_DOCUMENTATION_COMMENTS = YES;
				CLANG_WARN_EMPTY_BODY = YES;
				CLANG_WARN_ENUM_CONVERSION = YES;
				CLANG_WARN_INFINITE_RECURSION = YES;
				CLANG_WARN_INT_CONVERSION = YES;
				CLANG_WARN_NON_LITERAL_NULL_CONVERSION = YES;
				CLANG_WARN_OBJC_IMPLICIT_RETAIN_SELF = YES;
				CLANG_WARN_OBJC_LITERAL_CONVERSION = YES;
				CLANG_WARN_OBJC_ROOT_CLASS = YES_ERROR;
				CLANG_WARN_QUOTED_INCLUDE_IN_FRAMEWORK_HEADER = YES;
				CLANG_WARN_RANGE_LOOP_ANALYSIS = YES;
				CLANG_WARN_STRICT_PROTOTYPES = YES;
				CLANG_WARN_SUSPICIOUS_MOVE = YES;
				CLANG_WARN_UNGUARDED_AVAILABILITY = YES_AGGRESSIVE;
				CLANG_WARN_UNREACHABLE_CODE = YES;
				CLANG_WARN__DUPLICATE_METHOD_MATCH = YES;
				COPY_PHASE_STRIP = NO;
				DEBUG_INFORMATION_FORMAT = "dwarf-with-dsym";
				ENABLE_NS_ASSERTIONS = NO;
				ENABLE_STRICT_OBJC_MSGSEND = YES;
				GCC_C_LANGUAGE_STANDARD = gnu11;
				GCC_NO_COMMON_BLOCKS = YES;
				GCC_WARN_64_TO_32_BIT_CONVERSION = YES;
				GCC_WARN_ABOUT_RETURN_TYPE = YES_ERROR;
				GCC_WARN_UNDECLARED_SELECTOR = YES;
				GCC_WARN_UNINITIALIZED_AUTOS = YES_AGGRESSIVE;
				GCC_WARN_UNUSED_FUNCTION = YES;
				GCC_WARN_UNUSED_VARIABLE = YES;
				IPHONEOS_DEPLOYMENT_TARGET = 14.4;
				MTL_ENABLE_DEBUG_INFO = NO;
				MTL_FAST_MATH = YES;
				SDKROOT = iphoneos;
				SWIFT_COMPILATION_MODE = wholemodule;
				SWIFT_OPTIMIZATION_LEVEL = "-O";
				VALIDATE_PRODUCT = YES;
			};
			name = Release;
		};
		B347C4EF25FB086500ACB775 /* Debug */ = {
			isa = XCBuildConfiguration;
			buildSettings = {
				ASSETCATALOG_COMPILER_APPICON_NAME = AppIcon;
				ASSETCATALOG_COMPILER_GLOBAL_ACCENT_COLOR_NAME = AccentColor;
				CODE_SIGN_STYLE = Automatic;
				DEVELOPMENT_TEAM = U2VV87L8K5;
				INFOPLIST_FILE = Parstagram/Info.plist;
				LD_RUNPATH_SEARCH_PATHS = (
					"$(inherited)",
					"@executable_path/Frameworks",
				);
				PRODUCT_BUNDLE_IDENTIFIER = saidahamid99.Parstagram;
				PRODUCT_NAME = "$(TARGET_NAME)";
				SWIFT_VERSION = 5.0;
				TARGETED_DEVICE_FAMILY = "1,2";
			};
			name = Debug;
		};
		B347C4F025FB086500ACB775 /* Release */ = {
			isa = XCBuildConfiguration;
			buildSettings = {
				ASSETCATALOG_COMPILER_APPICON_NAME = AppIcon;
				ASSETCATALOG_COMPILER_GLOBAL_ACCENT_COLOR_NAME = AccentColor;
				CODE_SIGN_STYLE = Automatic;
				DEVELOPMENT_TEAM = U2VV87L8K5;
				INFOPLIST_FILE = Parstagram/Info.plist;
				LD_RUNPATH_SEARCH_PATHS = (
					"$(inherited)",
					"@executable_path/Frameworks",
				);
				PRODUCT_BUNDLE_IDENTIFIER = saidahamid99.Parstagram;
				PRODUCT_NAME = "$(TARGET_NAME)";
				SWIFT_VERSION = 5.0;
				TARGETED_DEVICE_FAMILY = "1,2";
			};
			name = Release;
		};
		B347C4F225FB086500ACB775 /* Debug */ = {
			isa = XCBuildConfiguration;
			buildSettings = {
				ALWAYS_EMBED_SWIFT_STANDARD_LIBRARIES = YES;
				BUNDLE_LOADER = "$(TEST_HOST)";
				CODE_SIGN_STYLE = Automatic;
				DEVELOPMENT_TEAM = U2VV87L8K5;
				INFOPLIST_FILE = ParstagramTests/Info.plist;
				IPHONEOS_DEPLOYMENT_TARGET = 14.4;
				LD_RUNPATH_SEARCH_PATHS = (
					"$(inherited)",
					"@executable_path/Frameworks",
					"@loader_path/Frameworks",
				);
				PRODUCT_BUNDLE_IDENTIFIER = saidahamid99.ParstagramTests;
				PRODUCT_NAME = "$(TARGET_NAME)";
				SWIFT_VERSION = 5.0;
				TARGETED_DEVICE_FAMILY = "1,2";
				TEST_HOST = "$(BUILT_PRODUCTS_DIR)/Parstagram.app/Parstagram";
			};
			name = Debug;
		};
		B347C4F325FB086500ACB775 /* Release */ = {
			isa = XCBuildConfiguration;
			buildSettings = {
				ALWAYS_EMBED_SWIFT_STANDARD_LIBRARIES = YES;
				BUNDLE_LOADER = "$(TEST_HOST)";
				CODE_SIGN_STYLE = Automatic;
				DEVELOPMENT_TEAM = U2VV87L8K5;
				INFOPLIST_FILE = ParstagramTests/Info.plist;
				IPHONEOS_DEPLOYMENT_TARGET = 14.4;
				LD_RUNPATH_SEARCH_PATHS = (
					"$(inherited)",
					"@executable_path/Frameworks",
					"@loader_path/Frameworks",
				);
				PRODUCT_BUNDLE_IDENTIFIER = saidahamid99.ParstagramTests;
				PRODUCT_NAME = "$(TARGET_NAME)";
				SWIFT_VERSION = 5.0;
				TARGETED_DEVICE_FAMILY = "1,2";
				TEST_HOST = "$(BUILT_PRODUCTS_DIR)/Parstagram.app/Parstagram";
			};
			name = Release;
		};
		B347C4F525FB086500ACB775 /* Debug */ = {
			isa = XCBuildConfiguration;
			buildSettings = {
				ALWAYS_EMBED_SWIFT_STANDARD_LIBRARIES = YES;
				CODE_SIGN_STYLE = Automatic;
				DEVELOPMENT_TEAM = U2VV87L8K5;
				INFOPLIST_FILE = ParstagramUITests/Info.plist;
				LD_RUNPATH_SEARCH_PATHS = (
					"$(inherited)",
					"@executable_path/Frameworks",
					"@loader_path/Frameworks",
				);
				PRODUCT_BUNDLE_IDENTIFIER = saidahamid99.ParstagramUITests;
				PRODUCT_NAME = "$(TARGET_NAME)";
				SWIFT_VERSION = 5.0;
				TARGETED_DEVICE_FAMILY = "1,2";
				TEST_TARGET_NAME = Parstagram;
			};
			name = Debug;
		};
		B347C4F625FB086500ACB775 /* Release */ = {
			isa = XCBuildConfiguration;
			buildSettings = {
				ALWAYS_EMBED_SWIFT_STANDARD_LIBRARIES = YES;
				CODE_SIGN_STYLE = Automatic;
				DEVELOPMENT_TEAM = U2VV87L8K5;
				INFOPLIST_FILE = ParstagramUITests/Info.plist;
				LD_RUNPATH_SEARCH_PATHS = (
					"$(inherited)",
					"@executable_path/Frameworks",
					"@loader_path/Frameworks",
				);
				PRODUCT_BUNDLE_IDENTIFIER = saidahamid99.ParstagramUITests;
				PRODUCT_NAME = "$(TARGET_NAME)";
				SWIFT_VERSION = 5.0;
				TARGETED_DEVICE_FAMILY = "1,2";
				TEST_TARGET_NAME = Parstagram;
			};
			name = Release;
		};
/* End XCBuildConfiguration section */

/* Begin XCConfigurationList section */
		B347C4BF25FB086500ACB775 /* Build configuration list for PBXProject "Parstagram" */ = {
			isa = XCConfigurationList;
			buildConfigurations = (
				B347C4EC25FB086500ACB775 /* Debug */,
				B347C4ED25FB086500ACB775 /* Release */,
			);
			defaultConfigurationIsVisible = 0;
			defaultConfigurationName = Release;
		};
		B347C4EE25FB086500ACB775 /* Build configuration list for PBXNativeTarget "Parstagram" */ = {
			isa = XCConfigurationList;
			buildConfigurations = (
				B347C4EF25FB086500ACB775 /* Debug */,
				B347C4F025FB086500ACB775 /* Release */,
			);
			defaultConfigurationIsVisible = 0;
			defaultConfigurationName = Release;
		};
		B347C4F125FB086500ACB775 /* Build configuration list for PBXNativeTarget "ParstagramTests" */ = {
			isa = XCConfigurationList;
			buildConfigurations = (
				B347C4F225FB086500ACB775 /* Debug */,
				B347C4F325FB086500ACB775 /* Release */,
			);
			defaultConfigurationIsVisible = 0;
			defaultConfigurationName = Release;
		};
		B347C4F425FB086500ACB775 /* Build configuration list for PBXNativeTarget "ParstagramUITests" */ = {
			isa = XCConfigurationList;
			buildConfigurations = (
				B347C4F525FB086500ACB775 /* Debug */,
				B347C4F625FB086500ACB775 /* Release */,
			);
			defaultConfigurationIsVisible = 0;
			defaultConfigurationName = Release;
		};
/* End XCConfigurationList section */
	};
	rootObject = B347C4BC25FB086500ACB775 /* Project object */;
}
